// !$*UTF8*$!
{
	archiveVersion = 1;
	classes = {
	};
	objectVersion = 46;
	objects = {

/* Begin PBXBuildFile section */
		BA40C9B719D995080082907B /* secondViewController.m in Sources */ = {isa = PBXBuildFile; fileRef = BA40C9B619D995080082907B /* secondViewController.m */; };
		BAD686CE19D979740040DAD8 /* main.m in Sources */ = {isa = PBXBuildFile; fileRef = BAD686CD19D979740040DAD8 /* main.m */; };
		BAD686D119D979740040DAD8 /* AppDelegate.m in Sources */ = {isa = PBXBuildFile; fileRef = BAD686D019D979740040DAD8 /* AppDelegate.m */; };
		BAD686D419D979740040DAD8 /* ViewController.m in Sources */ = {isa = PBXBuildFile; fileRef = BAD686D319D979740040DAD8 /* ViewController.m */; };
		BAD686D719D979740040DAD8 /* Main.storyboard in Resources */ = {isa = PBXBuildFile; fileRef = BAD686D519D979740040DAD8 /* Main.storyboard */; };
		BAD686D919D979740040DAD8 /* Images.xcassets in Resources */ = {isa = PBXBuildFile; fileRef = BAD686D819D979740040DAD8 /* Images.xcassets */; };
		BAD686DC19D979740040DAD8 /* LaunchScreen.xib in Resources */ = {isa = PBXBuildFile; fileRef = BAD686DA19D979740040DAD8 /* LaunchScreen.xib */; };
		BAD686E819D979740040DAD8 /* demoProtocolTests.m in Sources */ = {isa = PBXBuildFile; fileRef = BAD686E719D979740040DAD8 /* demoProtocolTests.m */; };
		BAD686F419D981BF0040DAD8 /* myTry.png in Resources */ = {isa = PBXBuildFile; fileRef = BAD686F319D981BF0040DAD8 /* myTry.png */; };
/* End PBXBuildFile section */

/* Begin PBXContainerItemProxy section */
		BAD686E219D979740040DAD8 /* PBXContainerItemProxy */ = {
			isa = PBXContainerItemProxy;
			containerPortal = BAD686C019D979740040DAD8 /* Project object */;
			proxyType = 1;
			remoteGlobalIDString = BAD686C719D979740040DAD8;
			remoteInfo = demoProtocol;
		};
/* End PBXContainerItemProxy section */

/* Begin PBXFileReference section */
		BA40C9B419D98D750082907B /* myFirstProtocol.h */ = {isa = PBXFileReference; fileEncoding = 4; lastKnownFileType = sourcecode.c.h; path = myFirstProtocol.h; sourceTree = "<group>"; };
		BA40C9B519D995080082907B /* secondViewController.h */ = {isa = PBXFileReference; fileEncoding = 4; lastKnownFileType = sourcecode.c.h; path = secondViewController.h; sourceTree = "<group>"; };
		BA40C9B619D995080082907B /* secondViewController.m */ = {isa = PBXFileReference; fileEncoding = 4; lastKnownFileType = sourcecode.c.objc; path = secondViewController.m; sourceTree = "<group>"; };
		BAD686C819D979740040DAD8 /* demoProtocol.app */ = {isa = PBXFileReference; explicitFileType = wrapper.application; includeInIndex = 0; path = demoProtocol.app; sourceTree = BUILT_PRODUCTS_DIR; };
		BAD686CC19D979740040DAD8 /* Info.plist */ = {isa = PBXFileReference; lastKnownFileType = text.plist.xml; path = Info.plist; sourceTree = "<group>"; };
		BAD686CD19D979740040DAD8 /* main.m */ = {isa = PBXFileReference; lastKnownFileType = sourcecode.c.objc; path = main.m; sourceTree = "<group>"; };
		BAD686CF19D979740040DAD8 /* AppDelegate.h */ = {isa = PBXFileReference; lastKnownFileType = sourcecode.c.h; path = AppDelegate.h; sourceTree = "<group>"; };
		BAD686D019D979740040DAD8 /* AppDelegate.m */ = {isa = PBXFileReference; lastKnownFileType = sourcecode.c.objc; path = AppDelegate.m; sourceTree = "<group>"; };
		BAD686D219D979740040DAD8 /* ViewController.h */ = {isa = PBXFileReference; lastKnownFileType = sourcecode.c.h; path = ViewController.h; sourceTree = "<group>"; };
		BAD686D319D979740040DAD8 /* ViewController.m */ = {isa = PBXFileReference; lastKnownFileType = sourcecode.c.objc; path = ViewController.m; sourceTree = "<group>"; };
		BAD686D619D979740040DAD8 /* Base */ = {isa = PBXFileReference; lastKnownFileType = file.storyboard; name = Base; path = Base.lproj/Main.storyboard; sourceTree = "<group>"; };
		BAD686D819D979740040DAD8 /* Images.xcassets */ = {isa = PBXFileReference; lastKnownFileType = folder.assetcatalog; path = Images.xcassets; sourceTree = "<group>"; };
		BAD686DB19D979740040DAD8 /* Base */ = {isa = PBXFileReference; lastKnownFileType = file.xib; name = Base; path = Base.lproj/LaunchScreen.xib; sourceTree = "<group>"; };
		BAD686E119D979740040DAD8 /* demoProtocolTests.xctest */ = {isa = PBXFileReference; explicitFileType = wrapper.cfbundle; includeInIndex = 0; path = demoProtocolTests.xctest; sourceTree = BUILT_PRODUCTS_DIR; };
		BAD686E619D979740040DAD8 /* Info.plist */ = {isa = PBXFileReference; lastKnownFileType = text.plist.xml; path = Info.plist; sourceTree = "<group>"; };
		BAD686E719D979740040DAD8 /* demoProtocolTests.m */ = {isa = PBXFileReference; lastKnownFileType = sourcecode.c.objc; path = demoProtocolTests.m; sourceTree = "<group>"; };
		BAD686F319D981BF0040DAD8 /* myTry.png */ = {isa = PBXFileReference; lastKnownFileType = image.png; path = myTry.png; sourceTree = "<group>"; };
/* End PBXFileReference section */

/* Begin PBXFrameworksBuildPhase section */
		BAD686C519D979740040DAD8 /* Frameworks */ = {
			isa = PBXFrameworksBuildPhase;
			buildActionMask = 2147483647;
			files = (
			);
			runOnlyForDeploymentPostprocessing = 0;
		};
		BAD686DE19D979740040DAD8 /* Frameworks */ = {
			isa = PBXFrameworksBuildPhase;
			buildActionMask = 2147483647;
			files = (
			);
			runOnlyForDeploymentPostprocessing = 0;
		};
/* End PBXFrameworksBuildPhase section */

/* Begin PBXGroup section */
		BAD686BF19D979740040DAD8 = {
			isa = PBXGroup;
			children = (
				BAD686CA19D979740040DAD8 /* demoProtocol */,
				BAD686E419D979740040DAD8 /* demoProtocolTests */,
				BAD686C919D979740040DAD8 /* Products */,
			);
			sourceTree = "<group>";
		};
		BAD686C919D979740040DAD8 /* Products */ = {
			isa = PBXGroup;
			children = (
				BAD686C819D979740040DAD8 /* demoProtocol.app */,
				BAD686E119D979740040DAD8 /* demoProtocolTests.xctest */,
			);
			name = Products;
			sourceTree = "<group>";
		};
		BAD686CA19D979740040DAD8 /* demoProtocol */ = {
			isa = PBXGroup;
			children = (
				BAD686CF19D979740040DAD8 /* AppDelegate.h */,
				BAD686D019D979740040DAD8 /* AppDelegate.m */,
				BAD686D219D979740040DAD8 /* ViewController.h */,
				BAD686D319D979740040DAD8 /* ViewController.m */,
				BAD686D519D979740040DAD8 /* Main.storyboard */,
				BA40C9B419D98D750082907B /* myFirstProtocol.h */,
				BA40C9B519D995080082907B /* secondViewController.h */,
				BA40C9B619D995080082907B /* secondViewController.m */,
				BAD686D819D979740040DAD8 /* Images.xcassets */,
				BAD686DA19D979740040DAD8 /* LaunchScreen.xib */,
				BAD686CB19D979740040DAD8 /* Supporting Files */,
			);
			path = demoProtocol;
			sourceTree = "<group>";
		};
		BAD686CB19D979740040DAD8 /* Supporting Files */ = {
			isa = PBXGroup;
			children = (
				BAD686F319D981BF0040DAD8 /* myTry.png */,
				BAD686CC19D979740040DAD8 /* Info.plist */,
				BAD686CD19D979740040DAD8 /* main.m */,
			);
			name = "Supporting Files";
			sourceTree = "<group>";
		};
		BAD686E419D979740040DAD8 /* demoProtocolTests */ = {
			isa = PBXGroup;
			children = (
				BAD686E719D979740040DAD8 /* demoProtocolTests.m */,
				BAD686E519D979740040DAD8 /* Supporting Files */,
			);
			path = demoProtocolTests;
			sourceTree = "<group>";
		};
		BAD686E519D979740040DAD8 /* Supporting Files */ = {
			isa = PBXGroup;
			children = (
				BAD686E619D979740040DAD8 /* Info.plist */,
			);
			name = "Supporting Files";
			sourceTree = "<group>";
		};
/* End PBXGroup section */

/* Begin PBXNativeTarget section */
		BAD686C719D979740040DAD8 /* demoProtocol */ = {
			isa = PBXNativeTarget;
			buildConfigurationList = BAD686EB19D979740040DAD8 /* Build configuration list for PBXNativeTarget "demoProtocol" */;
			buildPhases = (
				BAD686C419D979740040DAD8 /* Sources */,
				BAD686C519D979740040DAD8 /* Frameworks */,
				BAD686C619D979740040DAD8 /* Resources */,
			);
			buildRules = (
			);
			dependencies = (
			);
			name = demoProtocol;
			productName = demoProtocol;
			productReference = BAD686C819D979740040DAD8 /* demoProtocol.app */;
			productType = "com.apple.product-type.application";
		};
		BAD686E019D979740040DAD8 /* demoProtocolTests */ = {
			isa = PBXNativeTarget;
			buildConfigurationList = BAD686EE19D979740040DAD8 /* Build configuration list for PBXNativeTarget "demoProtocolTests" */;
			buildPhases = (
				BAD686DD19D979740040DAD8 /* Sources */,
				BAD686DE19D979740040DAD8 /* Frameworks */,
				BAD686DF19D979740040DAD8 /* Resources */,
			);
			buildRules = (
			);
			dependencies = (
				BAD686E319D979740040DAD8 /* PBXTargetDependency */,
			);
			name = demoProtocolTests;
			productName = demoProtocolTests;
			productReference = BAD686E119D979740040DAD8 /* demoProtocolTests.xctest */;
			productType = "com.apple.product-type.bundle.unit-test";
		};
/* End PBXNativeTarget section */

/* Begin PBXProject section */
		BAD686C019D979740040DAD8 /* Project object */ = {
			isa = PBXProject;
			attributes = {
				LastUpgradeCheck = 0600;
				ORGANIZATIONNAME = "HItesh Ramoliya";
				TargetAttributes = {
					BAD686C719D979740040DAD8 = {
						CreatedOnToolsVersion = 6.0;
					};
					BAD686E019D979740040DAD8 = {
						CreatedOnToolsVersion = 6.0;
						TestTargetID = BAD686C719D979740040DAD8;
					};
				};
			};
			buildConfigurationList = BAD686C319D979740040DAD8 /* Build configuration list for PBXProject "demoProtocol" */;
			compatibilityVersion = "Xcode 3.2";
			developmentRegion = English;
			hasScannedForEncodings = 0;
			knownRegions = (
				en,
				Base,
			);
			mainGroup = BAD686BF19D979740040DAD8;
			productRefGroup = BAD686C919D979740040DAD8 /* Products */;
			projectDirPath = "";
			projectRoot = "";
			targets = (
				BAD686C719D979740040DAD8 /* demoProtocol */,
				BAD686E019D979740040DAD8 /* demoProtocolTests */,
			);
		};
/* End PBXProject section */

/* Begin PBXResourcesBuildPhase section */
		BAD686C619D979740040DAD8 /* Resources */ = {
			isa = PBXResourcesBuildPhase;
			buildActionMask = 2147483647;
			files = (
				BAD686D719D979740040DAD8 /* Main.storyboard in Resources */,
				BAD686F419D981BF0040DAD8 /* myTry.png in Resources */,
				BAD686DC19D979740040DAD8 /* LaunchScreen.xib in Resources */,
				BAD686D919D979740040DAD8 /* Images.xcassets in Resources */,
			);
			runOnlyForDeploymentPostprocessing = 0;
		};
		BAD686DF19D979740040DAD8 /* Resources */ = {
			isa = PBXResourcesBuildPhase;
			buildActionMask = 2147483647;
			files = (
			);
			runOnlyForDeploymentPostprocessing = 0;
		};
/* End PBXResourcesBuildPhase section */

/* Begin PBXSourcesBuildPhase section */
		BAD686C419D979740040DAD8 /* Sources */ = {
			isa = PBXSourcesBuildPhase;
			buildActionMask = 2147483647;
			files = (
				BA40C9B719D995080082907B /* secondViewController.m in Sources */,
				BAD686D419D979740040DAD8 /* ViewController.m in Sources */,
				BAD686D119D979740040DAD8 /* AppDelegate.m in Sources */,
				BAD686CE19D979740040DAD8 /* main.m in Sources */,
			);
			runOnlyForDeploymentPostprocessing = 0;
		};
		BAD686DD19D979740040DAD8 /* Sources */ = {
			isa = PBXSourcesBuildPhase;
			buildActionMask = 2147483647;
			files = (
				BAD686E819D979740040DAD8 /* demoProtocolTests.m in Sources */,
			);
			runOnlyForDeploymentPostprocessing = 0;
		};
/* End PBXSourcesBuildPhase section */

/* Begin PBXTargetDependency section */
		BAD686E319D979740040DAD8 /* PBXTargetDependency */ = {
			isa = PBXTargetDependency;
			target = BAD686C719D979740040DAD8 /* demoProtocol */;
			targetProxy = BAD686E219D979740040DAD8 /* PBXContainerItemProxy */;
		};
/* End PBXTargetDependency section */

/* Begin PBXVariantGroup section */
		BAD686D519D979740040DAD8 /* Main.storyboard */ = {
			isa = PBXVariantGroup;
			children = (
				BAD686D619D979740040DAD8 /* Base */,
			);
			name = Main.storyboard;
			sourceTree = "<group>";
		};
		BAD686DA19D979740040DAD8 /* LaunchScreen.xib */ = {
			isa = PBXVariantGroup;
			children = (
				BAD686DB19D979740040DAD8 /* Base */,
			);
			name = LaunchScreen.xib;
			sourceTree = "<group>";
		};
/* End PBXVariantGroup section */

/* Begin XCBuildConfiguration section */
		BAD686E919D979740040DAD8 /* Debug */ = {
			isa = XCBuildConfiguration;
			buildSettings = {
				ALWAYS_SEARCH_USER_PATHS = NO;
				CLANG_CXX_LANGUAGE_STANDARD = "gnu++0x";
				CLANG_CXX_LIBRARY = "libc++";
				CLANG_ENABLE_MODULES = YES;
				CLANG_ENABLE_OBJC_ARC = YES;
				CLANG_WARN_BOOL_CONVERSION = YES;
				CLANG_WARN_CONSTANT_CONVERSION = YES;
				CLANG_WARN_DIRECT_OBJC_ISA_USAGE = YES_ERROR;
				CLANG_WARN_EMPTY_BODY = YES;
				CLANG_WARN_ENUM_CONVERSION = YES;
				CLANG_WARN_INT_CONVERSION = YES;
				CLANG_WARN_OBJC_ROOT_CLASS = YES_ERROR;
				CLANG_WARN_UNREACHABLE_CODE = YES;
				CLANG_WARN__DUPLICATE_METHOD_MATCH = YES;
				"CODE_SIGN_IDENTITY[sdk=iphoneos*]" = "iPhone Developer";
				COPY_PHASE_STRIP = NO;
				ENABLE_STRICT_OBJC_MSGSEND = YES;
				GCC_C_LANGUAGE_STANDARD = gnu99;
				GCC_DYNAMIC_NO_PIC = NO;
				GCC_OPTIMIZATION_LEVEL = 0;
				GCC_PREPROCESSOR_DEFINITIONS = (
					"DEBUG=1",
					"$(inherited)",
				);
				GCC_SYMBOLS_PRIVATE_EXTERN = NO;
				GCC_WARN_64_TO_32_BIT_CONVERSION = YES;
				GCC_WARN_ABOUT_RETURN_TYPE = YES_ERROR;
				GCC_WARN_UNDECLARED_SELECTOR = YES;
				GCC_WARN_UNINITIALIZED_AUTOS = YES_AGGRESSIVE;
				GCC_WARN_UNUSED_FUNCTION = YES;
				GCC_WARN_UNUSED_VARIABLE = YES;
				IPHONEOS_DEPLOYMENT_TARGET = 6.0;
				MTL_ENABLE_DEBUG_INFO = YES;
				ONLY_ACTIVE_ARCH = YES;
				SDKROOT = iphoneos;
				TARGETED_DEVICE_FAMILY = "1,2";
			};
			name = Debug;
		};
		BAD686EA19D979740040DAD8 /* Release */ = {
			isa = XCBuildConfiguration;
			buildSettings = {
				ALWAYS_SEARCH_USER_PATHS = NO;
				CLANG_CXX_LANGUAGE_STANDARD = "gnu++0x";
				CLANG_CXX_LIBRARY = "libc++";
				CLANG_ENABLE_MODULES = YES;
				CLANG_ENABLE_OBJC_ARC = YES;
				CLANG_WARN_BOOL_CONVERSION = YES;
				CLANG_WARN_CONSTANT_CONVERSION = YES;
				CLANG_WARN_DIRECT_OBJC_ISA_USAGE = YES_ERROR;
				CLANG_WARN_EMPTY_BODY = YES;
				CLANG_WARN_ENUM_CONVERSION = YES;
				CLANG_WARN_INT_CONVERSION = YES;
				CLANG_WARN_OBJC_ROOT_CLASS = YES_ERROR;
				CLANG_WARN_UNREACHABLE_CODE = YES;
				CLANG_WARN__DUPLICATE_METHOD_MATCH = YES;
				"CODE_SIGN_IDENTITY[sdk=iphoneos*]" = "iPhone Developer";
				COPY_PHASE_STRIP = YES;
				ENABLE_NS_ASSERTIONS = NO;
				ENABLE_STRICT_OBJC_MSGSEND = YES;
				GCC_C_LANGUAGE_STANDARD = gnu99;
				GCC_WARN_64_TO_32_BIT_CONVERSION = YES;
				GCC_WARN_ABOUT_RETURN_TYPE = YES_ERROR;
				GCC_WARN_UNDECLARED_SELECTOR = YES;
				GCC_WARN_UNINITIALIZED_AUTOS = YES_AGGRESSIVE;
				GCC_WARN_UNUSED_FUNCTION = YES;
				GCC_WARN_UNUSED_VARIABLE = YES;
				IPHONEOS_DEPLOYMENT_TARGET = 6.0;
				MTL_ENABLE_DEBUG_INFO = NO;
				SDKROOT = iphoneos;
				TARGETED_DEVICE_FAMILY = "1,2";
				VALIDATE_PRODUCT = YES;
			};
			name = Release;
		};
		BAD686EC19D979740040DAD8 /* Debug */ = {
			isa = XCBuildConfiguration;
			buildSettings = {
				ASSETCATALOG_COMPILER_APPICON_NAME = AppIcon;
				INFOPLIST_FILE = demoProtocol/Info.plist;
				IPHONEOS_DEPLOYMENT_TARGET = 6.0;
				LD_RUNPATH_SEARCH_PATHS = "$(inherited) @executable_path/Frameworks";
				PRODUCT_NAME = "$(TARGET_NAME)";
			};
			name = Debug;
		};
		BAD686ED19D979740040DAD8 /* Release */ = {
			isa = XCBuildConfiguration;
			buildSettings = {
				ASSETCATALOG_COMPILER_APPICON_NAME = AppIcon;
				INFOPLIST_FILE = demoProtocol/Info.plist;
				IPHONEOS_DEPLOYMENT_TARGET = 6.0;
				LD_RUNPATH_SEARCH_PATHS = "$(inherited) @executable_path/Frameworks";
				PRODUCT_NAME = "$(TARGET_NAME)";
			};
			name = Release;
		};
		BAD686EF19D979740040DAD8 /* Debug */ = {
			isa = XCBuildConfiguration;
			buildSettings = {
				BUNDLE_LOADER = "$(TEST_HOST)";
				FRAMEWORK_SEARCH_PATHS = (
					"$(SDKROOT)/Developer/Library/Frameworks",
					"$(inherited)",
				);
				GCC_PREPROCESSOR_DEFINITIONS = (
					"DEBUG=1",
					"$(inherited)",
				);
				INFOPLIST_FILE = demoProtocolTests/Info.plist;
				LD_RUNPATH_SEARCH_PATHS = "$(inherited) @executable_path/Frameworks @loader_path/Frameworks";
				PRODUCT_NAME = "$(TARGET_NAME)";
				TEST_HOST = "$(BUILT_PRODUCTS_DIR)/demoProtocol.app/demoProtocol";
			};
			name = Debug;
		};
		BAD686F019D979740040DAD8 /* Release */ = {
			isa = XCBuildConfiguration;
			buildSettings = {
				BUNDLE_LOADER = "$(TEST_HOST)";
				FRAMEWORK_SEARCH_PATHS = (
					"$(SDKROOT)/Developer/Library/Frameworks",
					"$(inherited)",
				);
				INFOPLIST_FILE = demoProtocolTests/Info.plist;
				LD_RUNPATH_SEARCH_PATHS = "$(inherited) @executable_path/Frameworks @loader_path/Frameworks";
				PRODUCT_NAME = "$(TARGET_NAME)";
				TEST_HOST = "$(BUILT_PRODUCTS_DIR)/demoProtocol.app/demoProtocol";
			};
			name = Release;
		};
/* End XCBuildConfiguration section */

/* Begin XCConfigurationList section */
		BAD686C319D979740040DAD8 /* Build configuration list for PBXProject "demoProtocol" */ = {
			isa = XCConfigurationList;
			buildConfigurations = (
				BAD686E919D979740040DAD8 /* Debug */,
				BAD686EA19D979740040DAD8 /* Release */,
			);
			defaultConfigurationIsVisible = 0;
			defaultConfigurationName = Release;
		};
		BAD686EB19D979740040DAD8 /* Build configuration list for PBXNativeTarget "demoProtocol" */ = {
			isa = XCConfigurationList;
			buildConfigurations = (
				BAD686EC19D979740040DAD8 /* Debug */,
				BAD686ED19D979740040DAD8 /* Release */,
			);
			defaultConfigurationIsVisible = 0;
			defaultConfigurationName = Release;
		};
		BAD686EE19D979740040DAD8 /* Build configuration list for PBXNativeTarget "demoProtocolTests" */ = {
			isa = XCConfigurationList;
			buildConfigurations = (
				BAD686EF19D979740040DAD8 /* Debug */,
				BAD686F019D979740040DAD8 /* Release */,
			);
			defaultConfigurationIsVisible = 0;
			defaultConfigurationName = Release;
		};
/* End XCConfigurationList section */
	};
	rootObject = BAD686C019D979740040DAD8 /* Project object */;
}
